
Microsoft Visual Studio Solution File, Format Version 12.00
# Visual Studio Version 16
VisualStudioVersion = 16.0.30330.147
MinimumVisualStudioVersion = 10.0.40219.1
Project("{9A19103F-16F7-4668-BE54-9A1E7A4F7556}") = "Chess", "Chess2\Chess.csproj", "{DB779B0D-86E3-4556-BA3D-B1A212094AFD}"
EndProject
Project("{FAE04EC0-301F-11D3-BF4B-00C04F79EFBC}") = "GameModel", "GameModel\GameModel.csproj", "{AC69C42A-19C8-458F-8575-8FF78D0F2FF8}"
EndProject
Global
	GlobalSection(SolutionConfigurationPlatforms) = preSolution
		Debug|Any CPU = Debug|Any CPU
		Release|Any CPU = Release|Any CPU
	EndGlobalSection
	GlobalSection(ProjectConfigurationPlatforms) = postSolution
		{DB779B0D-86E3-4556-BA3D-B1A212094AFD}.Debug|Any CPU.ActiveCfg = Debug|Any CPU
		{DB779B0D-86E3-4556-BA3D-B1A212094AFD}.Debug|Any CPU.Build.0 = Debug|Any CPU
		{DB779B0D-86E3-4556-BA3D-B1A212094AFD}.Release|Any CPU.ActiveCfg = Release|Any CPU
		{DB779B0D-86E3-4556-BA3D-B1A212094AFD}.Release|Any CPU.Build.0 = Release|Any CPU
		{AC69C42A-19C8-458F-8575-8FF78D0F2FF8}.Debug|Any CPU.ActiveCfg = Debug|Any CPU
		{AC69C42A-19C8-458F-8575-8FF78D0F2FF8}.Debug|Any CPU.Build.0 = Debug|Any CPU
		{AC69C42A-19C8-458F-8575-8FF78D0F2FF8}.Release|Any CPU.ActiveCfg = Release|Any CPU
		{AC69C42A-19C8-458F-8575-8FF78D0F2FF8}.Release|Any CPU.Build.0 = Release|Any CPU
	EndGlobalSection
	GlobalSection(SolutionProperties) = preSolution
		HideSolutionNode = FALSE
	EndGlobalSection
	GlobalSection(ExtensibilityGlobals) = postSolution
		SolutionGuid = {C4169082-41FD-452B-8947-A3E8ECAB33ED}
	EndGlobalSection
EndGlobal
